
Microsoft Visual Studio Solution File, Format Version 12.00
# Visual Studio 2013
VisualStudioVersion = 12.0.21005.1
MinimumVisualStudioVersion = 10.0.40219.1
Project("{FAE04EC0-301F-11D3-BF4B-00C04F79EFBC}") = "BioA.Service", "BioA.Service\BioA.Service.csproj", "{5DE2FE07-D302-4921-A780-BCFB067A69A4}"
EndProject
Project("{FAE04EC0-301F-11D3-BF4B-00C04F79EFBC}") = "BioA.WindowsService", "BioA.WindowsService\BioA.WindowsService.csproj", "{5352CAD3-193A-4047-8841-4C541844B8AF}"
EndProject
Project("{FAE04EC0-301F-11D3-BF4B-00C04F79EFBC}") = "InstallBioAWindowsService", "InstallBioAWindowsService\InstallBioAWindowsService.csproj", "{3AF39CAD-0AF5-446C-9F2F-EA5F2A042957}"
EndProject
Project("{FAE04EC0-301F-11D3-BF4B-00C04F79EFBC}") = "UnistallBioAWindowsService", "UnistallBioAWindowsService\UnistallBioAWindowsService.csproj", "{A1185CD0-8BC2-4470-BDFF-2E9A625BE018}"
EndProject
Project("{FAE04EC0-301F-11D3-BF4B-00C04F79EFBC}") = "BioA.SqlMaps", "BioA.SqlMaps\BioA.SqlMaps.csproj", "{0FA896E7-EE6F-471D-B3FA-8E5768FD9E7A}"
EndProject
Project("{FAE04EC0-301F-11D3-BF4B-00C04F79EFBC}") = "BioA.Common", "BioA.Common\BioA.Common.csproj", "{E1438A53-5DDE-42C0-B2FF-0F4A892E95B6}"
EndProject
Project("{FAE04EC0-301F-11D3-BF4B-00C04F79EFBC}") = "DatabaseInitial", "DatabaseInitial\DatabaseInitial.csproj", "{5C56C28D-BE96-459A-BB77-A47083B294D0}"
EndProject
Project("{FAE04EC0-301F-11D3-BF4B-00C04F79EFBC}") = "BioA.UI", "BioA.UI\BioA.UI.csproj", "{37E67464-868E-4947-8CE9-80126513F974}"
EndProject
Project("{FAE04EC0-301F-11D3-BF4B-00C04F79EFBC}") = "Exercise", "Exercise\Exercise.csproj", "{5AE3DB2D-8450-4F16-9CDA-4E779BA9E0D3}"
EndProject
Project("{FAE04EC0-301F-11D3-BF4B-00C04F79EFBC}") = "Bio.TestServer", "Bio.TestServer\Bio.TestServer.csproj", "{574F075E-9CF5-45FB-8EE4-52A6B75B7871}"
EndProject
Project("{FAE04EC0-301F-11D3-BF4B-00C04F79EFBC}") = "ConsoleApplication1", "ConsoleApplication1\ConsoleApplication1.csproj", "{2CEBE61E-4AA6-4896-8B11-A48EF740BE74}"
EndProject
Project("{FAE04EC0-301F-11D3-BF4B-00C04F79EFBC}") = "BioA.PLCController", "BioA.PLCController\BioA.PLCController.csproj", "{6192D809-332C-4065-B039-8D288354450E}"
EndProject
Global
	GlobalSection(SolutionConfigurationPlatforms) = preSolution
		Debug|Any CPU = Debug|Any CPU
		Debug|Mixed Platforms = Debug|Mixed Platforms
		Debug|x86 = Debug|x86
		Release|Any CPU = Release|Any CPU
		Release|Mixed Platforms = Release|Mixed Platforms
		Release|x86 = Release|x86
	EndGlobalSection
	GlobalSection(ProjectConfigurationPlatforms) = postSolution
		{5DE2FE07-D302-4921-A780-BCFB067A69A4}.Debug|Any CPU.ActiveCfg = Debug|Any CPU
		{5DE2FE07-D302-4921-A780-BCFB067A69A4}.Debug|Any CPU.Build.0 = Debug|Any CPU
		{5DE2FE07-D302-4921-A780-BCFB067A69A4}.Debug|Mixed Platforms.ActiveCfg = Debug|Any CPU
		{5DE2FE07-D302-4921-A780-BCFB067A69A4}.Debug|Mixed Platforms.Build.0 = Debug|Any CPU
		{5DE2FE07-D302-4921-A780-BCFB067A69A4}.Debug|x86.ActiveCfg = Debug|Any CPU
		{5DE2FE07-D302-4921-A780-BCFB067A69A4}.Release|Any CPU.ActiveCfg = Release|Any CPU
		{5DE2FE07-D302-4921-A780-BCFB067A69A4}.Release|Any CPU.Build.0 = Release|Any CPU
		{5DE2FE07-D302-4921-A780-BCFB067A69A4}.Release|Mixed Platforms.ActiveCfg = Release|Any CPU
		{5DE2FE07-D302-4921-A780-BCFB067A69A4}.Release|Mixed Platforms.Build.0 = Release|Any CPU
		{5DE2FE07-D302-4921-A780-BCFB067A69A4}.Release|x86.ActiveCfg = Release|Any CPU
		{5352CAD3-193A-4047-8841-4C541844B8AF}.Debug|Any CPU.ActiveCfg = Debug|Any CPU
		{5352CAD3-193A-4047-8841-4C541844B8AF}.Debug|Any CPU.Build.0 = Debug|Any CPU
		{5352CAD3-193A-4047-8841-4C541844B8AF}.Debug|Mixed Platforms.ActiveCfg = Debug|Any CPU
		{5352CAD3-193A-4047-8841-4C541844B8AF}.Debug|Mixed Platforms.Build.0 = Debug|Any CPU
		{5352CAD3-193A-4047-8841-4C541844B8AF}.Debug|x86.ActiveCfg = Debug|Any CPU
		{5352CAD3-193A-4047-8841-4C541844B8AF}.Release|Any CPU.ActiveCfg = Release|Any CPU
		{5352CAD3-193A-4047-8841-4C541844B8AF}.Release|Any CPU.Build.0 = Release|Any CPU
		{5352CAD3-193A-4047-8841-4C541844B8AF}.Release|Mixed Platforms.ActiveCfg = Release|Any CPU
		{5352CAD3-193A-4047-8841-4C541844B8AF}.Release|Mixed Platforms.Build.0 = Release|Any CPU
		{5352CAD3-193A-4047-8841-4C541844B8AF}.Release|x86.ActiveCfg = Release|Any CPU
		{3AF39CAD-0AF5-446C-9F2F-EA5F2A042957}.Debug|Any CPU.ActiveCfg = Debug|Any CPU
		{3AF39CAD-0AF5-446C-9F2F-EA5F2A042957}.Debug|Any CPU.Build.0 = Debug|Any CPU
		{3AF39CAD-0AF5-446C-9F2F-EA5F2A042957}.Debug|Mixed Platforms.ActiveCfg = Debug|Any CPU
		{3AF39CAD-0AF5-446C-9F2F-EA5F2A042957}.Debug|Mixed Platforms.Build.0 = Debug|Any CPU
		{3AF39CAD-0AF5-446C-9F2F-EA5F2A042957}.Debug|x86.ActiveCfg = Debug|Any CPU
		{3AF39CAD-0AF5-446C-9F2F-EA5F2A042957}.Release|Any CPU.ActiveCfg = Release|Any CPU
		{3AF39CAD-0AF5-446C-9F2F-EA5F2A042957}.Release|Any CPU.Build.0 = Release|Any CPU
		{3AF39CAD-0AF5-446C-9F2F-EA5F2A042957}.Release|Mixed Platforms.ActiveCfg = Release|Any CPU
		{3AF39CAD-0AF5-446C-9F2F-EA5F2A042957}.Release|Mixed Platforms.Build.0 = Release|Any CPU
		{3AF39CAD-0AF5-446C-9F2F-EA5F2A042957}.Release|x86.ActiveCfg = Release|Any CPU
		{A1185CD0-8BC2-4470-BDFF-2E9A625BE018}.Debug|Any CPU.ActiveCfg = Debug|Any CPU
		{A1185CD0-8BC2-4470-BDFF-2E9A625BE018}.Debug|Any CPU.Build.0 = Debug|Any CPU
		{A1185CD0-8BC2-4470-BDFF-2E9A625BE018}.Debug|Mixed Platforms.ActiveCfg = Debug|Any CPU
		{A1185CD0-8BC2-4470-BDFF-2E9A625BE018}.Debug|Mixed Platforms.Build.0 = Debug|Any CPU
		{A1185CD0-8BC2-4470-BDFF-2E9A625BE018}.Debug|x86.ActiveCfg = Debug|Any CPU
		{A1185CD0-8BC2-4470-BDFF-2E9A625BE018}.Release|Any CPU.ActiveCfg = Release|Any CPU
		{A1185CD0-8BC2-4470-BDFF-2E9A625BE018}.Release|Any CPU.Build.0 = Release|Any CPU
		{A1185CD0-8BC2-4470-BDFF-2E9A625BE018}.Release|Mixed Platforms.ActiveCfg = Release|Any CPU
		{A1185CD0-8BC2-4470-BDFF-2E9A625BE018}.Release|Mixed Platforms.Build.0 = Release|Any CPU
		{A1185CD0-8BC2-4470-BDFF-2E9A625BE018}.Release|x86.ActiveCfg = Release|Any CPU
		{0FA896E7-EE6F-471D-B3FA-8E5768FD9E7A}.Debug|Any CPU.ActiveCfg = Debug|Any CPU
		{0FA896E7-EE6F-471D-B3FA-8E5768FD9E7A}.Debug|Any CPU.Build.0 = Debug|Any CPU
		{0FA896E7-EE6F-471D-B3FA-8E5768FD9E7A}.Debug|Mixed Platforms.ActiveCfg = Debug|Any CPU
		{0FA896E7-EE6F-471D-B3FA-8E5768FD9E7A}.Debug|Mixed Platforms.Build.0 = Debug|Any CPU
		{0FA896E7-EE6F-471D-B3FA-8E5768FD9E7A}.Debug|x86.ActiveCfg = Debug|Any CPU
		{0FA896E7-EE6F-471D-B3FA-8E5768FD9E7A}.Release|Any CPU.ActiveCfg = Release|Any CPU
		{0FA896E7-EE6F-471D-B3FA-8E5768FD9E7A}.Release|Any CPU.Build.0 = Release|Any CPU
		{0FA896E7-EE6F-471D-B3FA-8E5768FD9E7A}.Release|Mixed Platforms.ActiveCfg = Release|Any CPU
		{0FA896E7-EE6F-471D-B3FA-8E5768FD9E7A}.Release|Mixed Platforms.Build.0 = Release|Any CPU
		{0FA896E7-EE6F-471D-B3FA-8E5768FD9E7A}.Release|x86.ActiveCfg = Release|Any CPU
		{E1438A53-5DDE-42C0-B2FF-0F4A892E95B6}.Debug|Any CPU.ActiveCfg = Debug|Any CPU
		{E1438A53-5DDE-42C0-B2FF-0F4A892E95B6}.Debug|Any CPU.Build.0 = Debug|Any CPU
		{E1438A53-5DDE-42C0-B2FF-0F4A892E95B6}.Debug|Mixed Platforms.ActiveCfg = Debug|Any CPU
		{E1438A53-5DDE-42C0-B2FF-0F4A892E95B6}.Debug|Mixed Platforms.Build.0 = Debug|Any CPU
		{E1438A53-5DDE-42C0-B2FF-0F4A892E95B6}.Debug|x86.ActiveCfg = Debug|Any CPU
		{E1438A53-5DDE-42C0-B2FF-0F4A892E95B6}.Release|Any CPU.ActiveCfg = Release|Any CPU
		{E1438A53-5DDE-42C0-B2FF-0F4A892E95B6}.Release|Any CPU.Build.0 = Release|Any CPU
		{E1438A53-5DDE-42C0-B2FF-0F4A892E95B6}.Release|Mixed Platforms.ActiveCfg = Release|Any CPU
		{E1438A53-5DDE-42C0-B2FF-0F4A892E95B6}.Release|Mixed Platforms.Build.0 = Release|Any CPU
		{E1438A53-5DDE-42C0-B2FF-0F4A892E95B6}.Release|x86.ActiveCfg = Release|Any CPU
		{5C56C28D-BE96-459A-BB77-A47083B294D0}.Debug|Any CPU.ActiveCfg = Debug|Any CPU
		{5C56C28D-BE96-459A-BB77-A47083B294D0}.Debug|Any CPU.Build.0 = Debug|Any CPU
		{5C56C28D-BE96-459A-BB77-A47083B294D0}.Debug|Mixed Platforms.ActiveCfg = Debug|Any CPU
		{5C56C28D-BE96-459A-BB77-A47083B294D0}.Debug|Mixed Platforms.Build.0 = Debug|Any CPU
		{5C56C28D-BE96-459A-BB77-A47083B294D0}.Debug|x86.ActiveCfg = Debug|Any CPU
		{5C56C28D-BE96-459A-BB77-A47083B294D0}.Release|Any CPU.ActiveCfg = Release|Any CPU
		{5C56C28D-BE96-459A-BB77-A47083B294D0}.Release|Any CPU.Build.0 = Release|Any CPU
		{5C56C28D-BE96-459A-BB77-A47083B294D0}.Release|Mixed Platforms.ActiveCfg = Release|Any CPU
		{5C56C28D-BE96-459A-BB77-A47083B294D0}.Release|Mixed Platforms.Build.0 = Release|Any CPU
		{5C56C28D-BE96-459A-BB77-A47083B294D0}.Release|x86.ActiveCfg = Release|Any CPU
		{37E67464-868E-4947-8CE9-80126513F974}.Debug|Any CPU.ActiveCfg = Debug|Any CPU
		{37E67464-868E-4947-8CE9-80126513F974}.Debug|Any CPU.Build.0 = Debug|Any CPU
		{37E67464-868E-4947-8CE9-80126513F974}.Debug|Mixed Platforms.ActiveCfg = Debug|Any CPU
		{37E67464-868E-4947-8CE9-80126513F974}.Debug|Mixed Platforms.Build.0 = Debug|Any CPU
		{37E67464-868E-4947-8CE9-80126513F974}.Debug|x86.ActiveCfg = Debug|Any CPU
		{37E67464-868E-4947-8CE9-80126513F974}.Release|Any CPU.ActiveCfg = Release|Any CPU
		{37E67464-868E-4947-8CE9-80126513F974}.Release|Any CPU.Build.0 = Release|Any CPU
		{37E67464-868E-4947-8CE9-80126513F974}.Release|Mixed Platforms.ActiveCfg = Release|Any CPU
		{37E67464-868E-4947-8CE9-80126513F974}.Release|Mixed Platforms.Build.0 = Release|Any CPU
		{37E67464-868E-4947-8CE9-80126513F974}.Release|x86.ActiveCfg = Release|Any CPU
		{5AE3DB2D-8450-4F16-9CDA-4E779BA9E0D3}.Debug|Any CPU.ActiveCfg = Debug|Any CPU
		{5AE3DB2D-8450-4F16-9CDA-4E779BA9E0D3}.Debug|Any CPU.Build.0 = Debug|Any CPU
		{5AE3DB2D-8450-4F16-9CDA-4E779BA9E0D3}.Debug|Mixed Platforms.ActiveCfg = Debug|Any CPU
		{5AE3DB2D-8450-4F16-9CDA-4E779BA9E0D3}.Debug|Mixed Platforms.Build.0 = Debug|Any CPU
		{5AE3DB2D-8450-4F16-9CDA-4E779BA9E0D3}.Debug|x86.ActiveCfg = Debug|Any CPU
		{5AE3DB2D-8450-4F16-9CDA-4E779BA9E0D3}.Release|Any CPU.ActiveCfg = Release|Any CPU
		{5AE3DB2D-8450-4F16-9CDA-4E779BA9E0D3}.Release|Any CPU.Build.0 = Release|Any CPU
		{5AE3DB2D-8450-4F16-9CDA-4E779BA9E0D3}.Release|Mixed Platforms.ActiveCfg = Release|Any CPU
		{5AE3DB2D-8450-4F16-9CDA-4E779BA9E0D3}.Release|Mixed Platforms.Build.0 = Release|Any CPU
		{5AE3DB2D-8450-4F16-9CDA-4E779BA9E0D3}.Release|x86.ActiveCfg = Release|Any CPU
		{574F075E-9CF5-45FB-8EE4-52A6B75B7871}.Debug|Any CPU.ActiveCfg = Debug|Any CPU
		{574F075E-9CF5-45FB-8EE4-52A6B75B7871}.Debug|Any CPU.Build.0 = Debug|Any CPU
		{574F075E-9CF5-45FB-8EE4-52A6B75B7871}.Debug|Mixed Platforms.ActiveCfg = Debug|Any CPU
		{574F075E-9CF5-45FB-8EE4-52A6B75B7871}.Debug|Mixed Platforms.Build.0 = Debug|Any CPU
		{574F075E-9CF5-45FB-8EE4-52A6B75B7871}.Debug|x86.ActiveCfg = Debug|Any CPU
		{574F075E-9CF5-45FB-8EE4-52A6B75B7871}.Release|Any CPU.ActiveCfg = Release|Any CPU
		{574F075E-9CF5-45FB-8EE4-52A6B75B7871}.Release|Any CPU.Build.0 = Release|Any CPU
		{574F075E-9CF5-45FB-8EE4-52A6B75B7871}.Release|Mixed Platforms.ActiveCfg = Release|Any CPU
		{574F075E-9CF5-45FB-8EE4-52A6B75B7871}.Release|Mixed Platforms.Build.0 = Release|Any CPU
		{574F075E-9CF5-45FB-8EE4-52A6B75B7871}.Release|x86.ActiveCfg = Release|Any CPU
		{2CEBE61E-4AA6-4896-8B11-A48EF740BE74}.Debug|Any CPU.ActiveCfg = Debug|Any CPU
		{2CEBE61E-4AA6-4896-8B11-A48EF740BE74}.Debug|Any CPU.Build.0 = Debug|Any CPU
		{2CEBE61E-4AA6-4896-8B11-A48EF740BE74}.Debug|Mixed Platforms.ActiveCfg = Debug|Any CPU
		{2CEBE61E-4AA6-4896-8B11-A48EF740BE74}.Debug|Mixed Platforms.Build.0 = Debug|Any CPU
		{2CEBE61E-4AA6-4896-8B11-A48EF740BE74}.Debug|x86.ActiveCfg = Debug|Any CPU
		{2CEBE61E-4AA6-4896-8B11-A48EF740BE74}.Release|Any CPU.ActiveCfg = Release|Any CPU
		{2CEBE61E-4AA6-4896-8B11-A48EF740BE74}.Release|Any CPU.Build.0 = Release|Any CPU
		{2CEBE61E-4AA6-4896-8B11-A48EF740BE74}.Release|Mixed Platforms.ActiveCfg = Release|Any CPU
		{2CEBE61E-4AA6-4896-8B11-A48EF740BE74}.Release|Mixed Platforms.Build.0 = Release|Any CPU
		{2CEBE61E-4AA6-4896-8B11-A48EF740BE74}.Release|x86.ActiveCfg = Release|Any CPU
		{6192D809-332C-4065-B039-8D288354450E}.Debug|Any CPU.ActiveCfg = Debug|x86
		{6192D809-332C-4065-B039-8D288354450E}.Debug|Mixed Platforms.ActiveCfg = Debug|x86
		{6192D809-332C-4065-B039-8D288354450E}.Debug|Mixed Platforms.Build.0 = Debug|x86
		{6192D809-332C-4065-B039-8D288354450E}.Debug|x86.ActiveCfg = Debug|x86
		{6192D809-332C-4065-B039-8D288354450E}.Debug|x86.Build.0 = Debug|x86
		{6192D809-332C-4065-B039-8D288354450E}.Release|Any CPU.ActiveCfg = Release|x86
		{6192D809-332C-4065-B039-8D288354450E}.Release|Any CPU.Build.0 = Release|x86
		{6192D809-332C-4065-B039-8D288354450E}.Release|Mixed Platforms.ActiveCfg = Release|x86
		{6192D809-332C-4065-B039-8D288354450E}.Release|Mixed Platforms.Build.0 = Release|x86
		{6192D809-332C-4065-B039-8D288354450E}.Release|x86.ActiveCfg = Release|x86
		{6192D809-332C-4065-B039-8D288354450E}.Release|x86.Build.0 = Release|x86
	EndGlobalSection
	GlobalSection(SolutionProperties) = preSolution
		HideSolutionNode = FALSE
	EndGlobalSection
EndGlobal
